<?xml version="1.0" encoding="utf-8"?>
<Project ToolsVersion="4.0" xmlns="http://schemas.microsoft.com/developer/msbuild/2003">
  <ItemGroup>
    <Filter Include="소스 파일">
      <UniqueIdentifier>{4FC737F1-C7A5-4376-A066-2A32D752A2FF}</UniqueIdentifier>
      <Extensions>cpp;c;cc;cxx;def;odl;idl;hpj;bat;asm;asmx</Extensions>
    </Filter>
    <Filter Include="헤더 파일">
      <UniqueIdentifier>{93995380-89BD-4b04-88EB-625FBE52EBFB}</UniqueIdentifier>
      <Extensions>h;hpp;hxx;hm;inl;inc;xsd</Extensions>
    </Filter>
    <Filter Include="리소스 파일">
      <UniqueIdentifier>{67DA6AB6-F800-4c08-8B7A-83BB121AAD01}</UniqueIdentifier>
      <Extensions>rc;ico;cur;bmp;dlg;rc2;rct;bin;rgs;gif;jpg;jpeg;jpe;resx;tiff;tif;png;wav;mfcribbon-ms</Extensions>
    </Filter>
  </ItemGroup>
  <ItemGroup>
    <None Include="ReadMe.txt" />
    <None Include="UserImages.bmp">
      <Filter>리소스 파일</Filter>
    </None>
    <None Include="res\Game.rc2">
      <Filter>리소스 파일</Filter>
    </None>
    <None Include="res\GameDoc.ico">
      <Filter>리소스 파일</Filter>
    </None>
    <None Include="res\Game.ico">
      <Filter>리소스 파일</Filter>
    </None>
    <None Include="res\Toolbar.bmp">
      <Filter>리소스 파일</Filter>
    </None>
    <None Include="res\Toolbar256.bmp">
      <Filter>리소스 파일</Filter>
    </None>
    <None Include="..\..\image\suji0.bmp">
      <Filter>리소스 파일</Filter>
    </None>
    <None Include="..\..\image\suji1.bmp">
      <Filter>리소스 파일</Filter>
    </None>
    <None Include="..\..\image\suji2.bmp">
      <Filter>리소스 파일</Filter>
    </None>
    <None Include="..\..\image\suji3.bmp">
      <Filter>리소스 파일</Filter>
    </None>
    <None Include="..\..\image\suji4.bmp">
      <Filter>리소스 파일</Filter>
    </None>
    <None Include="..\..\image\suji5.bmp">
      <Filter>리소스 파일</Filter>
    </None>
    <None Include="..\..\image\suji6.bmp">
      <Filter>리소스 파일</Filter>
    </None>
    <None Include="..\..\image\suji7.bmp">
      <Filter>리소스 파일</Filter>
    </None>
    <None Include="..\..\image\suji8.bmp">
      <Filter>리소스 파일</Filter>
    </None>
    <None Include="..\..\image\suji9.bmp">
      <Filter>리소스 파일</Filter>
    </None>
    <None Include="..\..\image\suji10.bmp">
      <Filter>리소스 파일</Filter>
    </None>
    <None Include="..\..\image\suji11.bmp">
      <Filter>리소스 파일</Filter>
    </None>
    <None Include="..\..\image\suji12.bmp">
      <Filter>리소스 파일</Filter>
    </None>
    <None Include="..\..\image\suji13.bmp">
      <Filter>리소스 파일</Filter>
    </None>
    <None Include="..\..\image\suji14.bmp">
      <Filter>리소스 파일</Filter>
    </None>
    <None Include="..\..\image\suji15.bmp">
      <Filter>리소스 파일</Filter>
    </None>
    <None Include="..\..\image\suji16.bmp">
      <Filter>리소스 파일</Filter>
    </None>
    <None Include="..\..\image\suji17.bmp">
      <Filter>리소스 파일</Filter>
    </None>
    <None Include="..\..\image\suji18.bmp">
      <Filter>리소스 파일</Filter>
    </None>
    <None Include="..\..\image\cover.bmp">
      <Filter>리소스 파일</Filter>
    </None>
    <None Include="res\bitmap2.bmp">
      <Filter>리소스 파일</Filter>
    </None>
    <None Include="..\..\..\..\..\..\image\cover.bmp">
      <Filter>리소스 파일</Filter>
    </None>
    <None Include="..\..\..\..\..\..\image\suji0.bmp">
      <Filter>리소스 파일</Filter>
    </None>
    <None Include="..\..\..\..\..\..\image\suji1.bmp">
      <Filter>리소스 파일</Filter>
    </None>
    <None Include="..\..\..\..\..\..\image\suji2.bmp">
      <Filter>리소스 파일</Filter>
    </None>
    <None Include="..\..\..\..\..\..\image\suji3.bmp">
      <Filter>리소스 파일</Filter>
    </None>
    <None Include="..\..\..\..\..\..\image\suji4.bmp">
      <Filter>리소스 파일</Filter>
    </None>
    <None Include="..\..\..\..\..\..\image\suji5.bmp">
      <Filter>리소스 파일</Filter>
    </None>
    <None Include="..\..\..\..\..\..\image\suji6.bmp">
      <Filter>리소스 파일</Filter>
    </None>
    <None Include="..\..\..\..\..\..\image\suji7.bmp">
      <Filter>리소스 파일</Filter>
    </None>
    <None Include="..\..\..\..\..\..\image\suji8.bmp">
      <Filter>리소스 파일</Filter>
    </None>
    <None Include="..\..\..\..\..\..\image\suji9.bmp">
      <Filter>리소스 파일</Filter>
    </None>
    <None Include="..\..\..\..\..\..\image\suji10.bmp">
      <Filter>리소스 파일</Filter>
    </None>
    <None Include="..\..\..\..\..\..\image\suji11.bmp">
      <Filter>리소스 파일</Filter>
    </None>
    <None Include="..\..\..\..\..\..\image\suji12.bmp">
      <Filter>리소스 파일</Filter>
    </None>
    <None Include="..\..\..\..\..\..\image\suji13.bmp">
      <Filter>리소스 파일</Filter>
    </None>
    <None Include="..\..\..\..\..\..\image\suji14.bmp">
      <Filter>리소스 파일</Filter>
    </None>
    <None Include="..\..\..\..\..\..\image\suji15.bmp">
      <Filter>리소스 파일</Filter>
    </None>
    <None Include="..\..\..\..\..\..\image\suji16.bmp">
      <Filter>리소스 파일</Filter>
    </None>
    <None Include="..\..\..\..\..\..\image\suji17.bmp">
      <Filter>리소스 파일</Filter>
    </None>
    <None Include="..\..\..\..\..\..\image\suji18.bmp">
      <Filter>리소스 파일</Filter>
    </None>
    <None Include="..\..\..\..\..\..\image\옥상달빛_수고했어, 오늘도.MP3" />
    <None Include="..\..\..\..\..\image\Terranigma-Light_Side_Field.mp3" />
    <None Include="..\..\..\..\..\image\키스쪽.WAV">
      <Filter>리소스 파일</Filter>
    </None>
    <None Include="..\..\..\..\..\..\image\Terranigma-Light_Side_Field.mp3" />
    <None Include="..\..\..\..\..\..\image\키스쪽.WAV">
      <Filter>리소스 파일</Filter>
    </None>
  </ItemGroup>
  <ItemGroup>
    <ClInclude Include="Game.h">
      <Filter>헤더 파일</Filter>
    </ClInclude>
    <ClInclude Include="stdafx.h">
      <Filter>헤더 파일</Filter>
    </ClInclude>
    <ClInclude Include="targetver.h">
      <Filter>헤더 파일</Filter>
    </ClInclude>
    <ClInclude Include="MainFrm.h">
      <Filter>헤더 파일</Filter>
    </ClInclude>
    <ClInclude Include="GameDoc.h">
      <Filter>헤더 파일</Filter>
    </ClInclude>
    <ClInclude Include="GameView.h">
      <Filter>헤더 파일</Filter>
    </ClInclude>
    <ClInclude Include="Resource.h">
      <Filter>헤더 파일</Filter>
    </ClInclude>
    <ClInclude Include="LevelDlg.h">
      <Filter>헤더 파일</Filter>
    </ClInclude>
    <ClInclude Include="RankDlg.h">
      <Filter>헤더 파일</Filter>
    </ClInclude>
    <ClInclude Include="TimeDlg.h">
      <Filter>헤더 파일</Filter>
    </ClInclude>
    <ClInclude Include="RankNameDlg.h">
      <Filter>헤더 파일</Filter>
    </ClInclude>
  </ItemGroup>
  <ItemGroup>
    <ClCompile Include="Game.cpp">
      <Filter>소스 파일</Filter>
    </ClCompile>
    <ClCompile Include="stdafx.cpp">
      <Filter>소스 파일</Filter>
    </ClCompile>
    <ClCompile Include="MainFrm.cpp">
      <Filter>소스 파일</Filter>
    </ClCompile>
    <ClCompile Include="GameDoc.cpp">
      <Filter>소스 파일</Filter>
    </ClCompile>
    <ClCompile Include="GameView.cpp">
      <Filter>소스 파일</Filter>
    </ClCompile>
    <ClCompile Include="LevelDlg.cpp">
      <Filter>소스 파일</Filter>
    </ClCompile>
    <ClCompile Include="RankDlg.cpp">
      <Filter>소스 파일</Filter>
    </ClCompile>
    <ClCompile Include="TimeDlg.cpp">
      <Filter>소스 파일</Filter>
    </ClCompile>
    <ClCompile Include="RankNameDlg.cpp">
      <Filter>소스 파일</Filter>
    </ClCompile>
  </ItemGroup>
  <ItemGroup>
    <ResourceCompile Include="Game.rc">
      <Filter>리소스 파일</Filter>
    </ResourceCompile>
  </ItemGroup>
</Project>